// !$*UTF8*$!
{
	archiveVersion = 1;
	classes = {
	};
	objectVersion = 48;
	objects = {

/* Begin PBXBuildFile section */
		ED81E3641F0E48BB00367641 /* AppDelegate.swift in Sources */ = {isa = PBXBuildFile; fileRef = ED81E3631F0E48BB00367641 /* AppDelegate.swift */; };
		ED81E3661F0E48BB00367641 /* art.scnassets in Resources */ = {isa = PBXBuildFile; fileRef = ED81E3651F0E48BB00367641 /* art.scnassets */; };
		ED81E3681F0E48BB00367641 /* ViewController.swift in Sources */ = {isa = PBXBuildFile; fileRef = ED81E3671F0E48BB00367641 /* ViewController.swift */; };
		ED81E36B1F0E48BB00367641 /* Main.storyboard in Resources */ = {isa = PBXBuildFile; fileRef = ED81E3691F0E48BB00367641 /* Main.storyboard */; };
		ED81E36D1F0E48BB00367641 /* Assets.xcassets in Resources */ = {isa = PBXBuildFile; fileRef = ED81E36C1F0E48BB00367641 /* Assets.xcassets */; };
		ED81E3701F0E48BB00367641 /* LaunchScreen.storyboard in Resources */ = {isa = PBXBuildFile; fileRef = ED81E36E1F0E48BB00367641 /* LaunchScreen.storyboard */; };
/* End PBXBuildFile section */

/* Begin PBXFileReference section */
		ED81E3601F0E48BB00367641 /* ChungHua No1.app */ = {isa = PBXFileReference; explicitFileType = wrapper.application; includeInIndex = 0; path = "ChungHua No1.app"; sourceTree = BUILT_PRODUCTS_DIR; };
		ED81E3631F0E48BB00367641 /* AppDelegate.swift */ = {isa = PBXFileReference; lastKnownFileType = sourcecode.swift; path = AppDelegate.swift; sourceTree = "<group>"; };
		ED81E3651F0E48BB00367641 /* art.scnassets */ = {isa = PBXFileReference; lastKnownFileType = wrapper.scnassets; path = art.scnassets; sourceTree = "<group>"; };
		ED81E3671F0E48BB00367641 /* ViewController.swift */ = {isa = PBXFileReference; lastKnownFileType = sourcecode.swift; path = ViewController.swift; sourceTree = "<group>"; };
		ED81E36A1F0E48BB00367641 /* Base */ = {isa = PBXFileReference; lastKnownFileType = file.storyboard; name = Base; path = Base.lproj/Main.storyboard; sourceTree = "<group>"; };
		ED81E36C1F0E48BB00367641 /* Assets.xcassets */ = {isa = PBXFileReference; lastKnownFileType = folder.assetcatalog; path = Assets.xcassets; sourceTree = "<group>"; };
		ED81E36F1F0E48BB00367641 /* Base */ = {isa = PBXFileReference; lastKnownFileType = file.storyboard; name = Base; path = Base.lproj/LaunchScreen.storyboard; sourceTree = "<group>"; };
		ED81E3711F0E48BB00367641 /* Info.plist */ = {isa = PBXFileReference; lastKnownFileType = text.plist.xml; path = Info.plist; sourceTree = "<group>"; };
/* End PBXFileReference section */

/* Begin PBXFrameworksBuildPhase section */
		ED81E35D1F0E48BB00367641 /* Frameworks */ = {
			isa = PBXFrameworksBuildPhase;
			buildActionMask = 2147483647;
			files = (
			);
			runOnlyForDeploymentPostprocessing = 0;
		};
/* End PBXFrameworksBuildPhase section */

/* Begin PBXGroup section */
		ED81E3571F0E48BB00367641 = {
			isa = PBXGroup;
			children = (
				ED81E3621F0E48BB00367641 /* ChungHua No1 */,
				ED81E3611F0E48BB00367641 /* Products */,
			);
			sourceTree = "<group>";
		};
		ED81E3611F0E48BB00367641 /* Products */ = {
			isa = PBXGroup;
			children = (
				ED81E3601F0E48BB00367641 /* ChungHua No1.app */,
			);
			name = Products;
			sourceTree = "<group>";
		};
		ED81E3621F0E48BB00367641 /* ChungHua No1 */ = {
			isa = PBXGroup;
			children = (
				ED81E3631F0E48BB00367641 /* AppDelegate.swift */,
				ED81E3651F0E48BB00367641 /* art.scnassets */,
				ED81E3671F0E48BB00367641 /* ViewController.swift */,
				ED81E3691F0E48BB00367641 /* Main.storyboard */,
				ED81E36C1F0E48BB00367641 /* Assets.xcassets */,
				ED81E36E1F0E48BB00367641 /* LaunchScreen.storyboard */,
				ED81E3711F0E48BB00367641 /* Info.plist */,
			);
			path = "ChungHua No1";
			sourceTree = "<group>";
		};
/* End PBXGroup section */

/* Begin PBXNativeTarget section */
		ED81E35F1F0E48BB00367641 /* ChungHua No1 */ = {
			isa = PBXNativeTarget;
			buildConfigurationList = ED81E3741F0E48BB00367641 /* Build configuration list for PBXNativeTarget "ChungHua No1" */;
			buildPhases = (
				ED81E35C1F0E48BB00367641 /* Sources */,
				ED81E35D1F0E48BB00367641 /* Frameworks */,
				ED81E35E1F0E48BB00367641 /* Resources */,
			);
			buildRules = (
			);
			dependencies = (
			);
			name = "ChungHua No1";
			productName = "ChungHua No1";
			productReference = ED81E3601F0E48BB00367641 /* ChungHua No1.app */;
			productType = "com.apple.product-type.application";
		};
/* End PBXNativeTarget section */

/* Begin PBXProject section */
		ED81E3581F0E48BB00367641 /* Project object */ = {
			isa = PBXProject;
			attributes = {
				LastSwiftUpdateCheck = 0900;
				LastUpgradeCheck = 0900;
				ORGANIZATIONNAME = MMY;
				TargetAttributes = {
					ED81E35F1F0E48BB00367641 = {
						CreatedOnToolsVersion = 9.0;
					};
				};
			};
			buildConfigurationList = ED81E35B1F0E48BB00367641 /* Build configuration list for PBXProject "ChungHua No1" */;
			compatibilityVersion = "Xcode 8.0";
			developmentRegion = en;
			hasScannedForEncodings = 0;
			knownRegions = (
				en,
				Base,
			);
			mainGroup = ED81E3571F0E48BB00367641;
			productRefGroup = ED81E3611F0E48BB00367641 /* Products */;
			projectDirPath = "";
			projectRoot = "";
			targets = (
				ED81E35F1F0E48BB00367641 /* ChungHua No1 */,
			);
		};
/* End PBXProject section */

/* Begin PBXResourcesBuildPhase section */
		ED81E35E1F0E48BB00367641 /* Resources */ = {
			isa = PBXResourcesBuildPhase;
			buildActionMask = 2147483647;
			files = (
				ED81E3661F0E48BB00367641 /* art.scnassets in Resources */,
				ED81E3701F0E48BB00367641 /* LaunchScreen.storyboard in Resources */,
				ED81E36D1F0E48BB00367641 /* Assets.xcassets in Resources */,
				ED81E36B1F0E48BB00367641 /* Main.storyboard in Resources */,
			);
			runOnlyForDeploymentPostprocessing = 0;
		};
/* End PBXResourcesBuildPhase section */

/* Begin PBXSourcesBuildPhase section */
		ED81E35C1F0E48BB00367641 /* Sources */ = {
			isa = PBXSourcesBuildPhase;
			buildActionMask = 2147483647;
			files = (
				ED81E3681F0E48BB00367641 /* ViewController.swift in Sources */,
				ED81E3641F0E48BB00367641 /* AppDelegate.swift in Sources */,
			);
			runOnlyForDeploymentPostprocessing = 0;
		};
/* End PBXSourcesBuildPhase section */

/* Begin PBXVariantGroup section */
		ED81E3691F0E48BB00367641 /* Main.storyboard */ = {
			isa = PBXVariantGroup;
			children = (
				ED81E36A1F0E48BB00367641 /* Base */,
			);
			name = Main.storyboard;
			sourceTree = "<group>";
		};
		ED81E36E1F0E48BB00367641 /* LaunchScreen.storyboard */ = {
			isa = PBXVariantGroup;
			children = (
				ED81E36F1F0E48BB00367641 /* Base */,
			);
			name = LaunchScreen.storyboard;
			sourceTree = "<group>";
		};
/* End PBXVariantGroup section */

/* Begin XCBuildConfiguration section */
		ED81E3721F0E48BB00367641 /* Debug */ = {
			isa = XCBuildConfiguration;
			buildSettings = {
				ALWAYS_SEARCH_USER_PATHS = NO;
				CLANG_ANALYZER_NONNULL = YES;
				CLANG_ANALYZER_NUMBER_OBJECT_CONVERSION = YES_AGGRESSIVE;
				CLANG_CXX_LANGUAGE_STANDARD = "gnu++14";
				CLANG_CXX_LIBRARY = "libc++";
				CLANG_ENABLE_MODULES = YES;
				CLANG_ENABLE_OBJC_ARC = YES;
				CLANG_WARN_BLOCK_CAPTURE_AUTORELEASING = YES;
				CLANG_WARN_BOOL_CONVERSION = YES;
				CLANG_WARN_COMMA = YES;
				CLANG_WARN_CONSTANT_CONVERSION = YES;
				CLANG_WARN_DIRECT_OBJC_ISA_USAGE = YES_ERROR;
				CLANG_WARN_DOCUMENTATION_COMMENTS = YES;
				CLANG_WARN_EMPTY_BODY = YES;
				CLANG_WARN_ENUM_CONVERSION = YES;
				CLANG_WARN_INFINITE_RECURSION = YES;
				CLANG_WARN_INT_CONVERSION = YES;
				CLANG_WARN_OBJC_ROOT_CLASS = YES_ERROR;
				CLANG_WARN_RANGE_LOOP_ANALYSIS = YES;
				CLANG_WARN_STRICT_PROTOTYPES = YES;
				CLANG_WARN_SUSPICIOUS_MOVE = YES;
				CLANG_WARN_UNGUARDED_AVAILABILITY = YES_AGGRESSIVE;
				CLANG_WARN_UNREACHABLE_CODE = YES;
				CLANG_WARN__DUPLICATE_METHOD_MATCH = YES;
				CODE_SIGN_IDENTITY = "iPhone Developer";
				COPY_PHASE_STRIP = NO;
				DEBUG_INFORMATION_FORMAT = dwarf;
				ENABLE_STRICT_OBJC_MSGSEND = YES;
				ENABLE_TESTABILITY = YES;
				GCC_C_LANGUAGE_STANDARD = gnu11;
				GCC_DYNAMIC_NO_PIC = NO;
				GCC_NO_COMMON_BLOCKS = YES;
				GCC_OPTIMIZATION_LEVEL = 0;
				GCC_PREPROCESSOR_DEFINITIONS = (
					"DEBUG=1",
					"$(inherited)",
				);
				GCC_WARN_64_TO_32_BIT_CONVERSION = YES;
				GCC_WARN_ABOUT_RETURN_TYPE = YES_ERROR;
				GCC_WARN_UNDECLARED_SELECTOR = YES;
				GCC_WARN_UNINITIALIZED_AUTOS = YES_AGGRESSIVE;
				GCC_WARN_UNUSED_FUNCTION = YES;
				GCC_WARN_UNUSED_VARIABLE = YES;
				IPHONEOS_DEPLOYMENT_TARGET = 11.0;
				MTL_ENABLE_DEBUG_INFO = YES;
				ONLY_ACTIVE_ARCH = YES;
				SDKROOT = iphoneos;
				SWIFT_ACTIVE_COMPILATION_CONDITIONS = DEBUG;
				SWIFT_OPTIMIZATION_LEVEL = "-Onone";
			};
			name = Debug;
		};
		ED81E3731F0E48BB00367641 /* Release */ = {
			isa = XCBuildConfiguration;
			buildSettings = {
				ALWAYS_SEARCH_USER_PATHS = NO;
				CLANG_ANALYZER_NONNULL = YES;
				CLANG_ANALYZER_NUMBER_OBJECT_CONVERSION = YES_AGGRESSIVE;
				CLANG_CXX_LANGUAGE_STANDARD = "gnu++14";
				CLANG_CXX_LIBRARY = "libc++";
				CLANG_ENABLE_MODULES = YES;
				CLANG_ENABLE_OBJC_ARC = YES;
				CLANG_WARN_BLOCK_CAPTURE_AUTORELEASING = YES;
				CLANG_WARN_BOOL_CONVERSION = YES;
				CLANG_WARN_COMMA = YES;
				CLANG_WARN_CONSTANT_CONVERSION = YES;
				CLANG_WARN_DIRECT_OBJC_ISA_USAGE = YES_ERROR;
				CLANG_WARN_DOCUMENTATION_COMMENTS = YES;
				CLANG_WARN_EMPTY_BODY = YES;
				CLANG_WARN_ENUM_CONVERSION = YES;
				CLANG_WARN_INFINITE_RECURSION = YES;
				CLANG_WARN_INT_CONVERSION = YES;
				CLANG_WARN_OBJC_ROOT_CLASS = YES_ERROR;
				CLANG_WARN_RANGE_LOOP_ANALYSIS = YES;
				CLANG_WARN_STRICT_PROTOTYPES = YES;
				CLANG_WARN_SUSPICIOUS_MOVE = YES;
				CLANG_WARN_UNGUARDED_AVAILABILITY = YES_AGGRESSIVE;
				CLANG_WARN_UNREACHABLE_CODE = YES;
				CLANG_WARN__DUPLICATE_METHOD_MATCH = YES;
				CODE_SIGN_IDENTITY = "iPhone Developer";
				COPY_PHASE_STRIP = NO;
				DEBUG_INFORMATION_FORMAT = "dwarf-with-dsym";
				ENABLE_NS_ASSERTIONS = NO;
				ENABLE_STRICT_OBJC_MSGSEND = YES;
				GCC_C_LANGUAGE_STANDARD = gnu11;
				GCC_NO_COMMON_BLOCKS = YES;
				GCC_WARN_64_TO_32_BIT_CONVERSION = YES;
				GCC_WARN_ABOUT_RETURN_TYPE = YES_ERROR;
				GCC_WARN_UNDECLARED_SELECTOR = YES;
				GCC_WARN_UNINITIALIZED_AUTOS = YES_AGGRESSIVE;
				GCC_WARN_UNUSED_FUNCTION = YES;
				GCC_WARN_UNUSED_VARIABLE = YES;
				IPHONEOS_DEPLOYMENT_TARGET = 11.0;
				MTL_ENABLE_DEBUG_INFO = NO;
				SDKROOT = iphoneos;
				SWIFT_OPTIMIZATION_LEVEL = "-Owholemodule";
				VALIDATE_PRODUCT = YES;
			};
			name = Release;
		};
		ED81E3751F0E48BB00367641 /* Debug */ = {
			isa = XCBuildConfiguration;
			buildSettings = {
				ASSETCATALOG_COMPILER_APPICON_NAME = AppIcon;
				DEVELOPMENT_TEAM = 8949B26WW7;
				INFOPLIST_FILE = "ChungHua No1/Info.plist";
				LD_RUNPATH_SEARCH_PATHS = "$(inherited) @executable_path/Frameworks";
				PRODUCT_BUNDLE_IDENTIFIER = "com.iCHEF.ChungHua-No1";
				PRODUCT_NAME = "$(TARGET_NAME)";
				SWIFT_VERSION = 4.0;
				TARGETED_DEVICE_FAMILY = "1,2";
			};
			name = Debug;
		};
		ED81E3761F0E48BB00367641 /* Release */ = {
			isa = XCBuildConfiguration;
			buildSettings = {
				ASSETCATALOG_COMPILER_APPICON_NAME = AppIcon;
				DEVELOPMENT_TEAM = 8949B26WW7;
				INFOPLIST_FILE = "ChungHua No1/Info.plist";
				LD_RUNPATH_SEARCH_PATHS = "$(inherited) @executable_path/Frameworks";
				PRODUCT_BUNDLE_IDENTIFIER = "com.iCHEF.ChungHua-No1";
				PRODUCT_NAME = "$(TARGET_NAME)";
				SWIFT_VERSION = 4.0;
				TARGETED_DEVICE_FAMILY = "1,2";
			};
			name = Release;
		};
/* End XCBuildConfiguration section */

/* Begin XCConfigurationList section */
		ED81E35B1F0E48BB00367641 /* Build configuration list for PBXProject "ChungHua No1" */ = {
			isa = XCConfigurationList;
			buildConfigurations = (
				ED81E3721F0E48BB00367641 /* Debug */,
				ED81E3731F0E48BB00367641 /* Release */,
			);
			defaultConfigurationIsVisible = 0;
			defaultConfigurationName = Release;
		};
		ED81E3741F0E48BB00367641 /* Build configuration list for PBXNativeTarget "ChungHua No1" */ = {
			isa = XCConfigurationList;
			buildConfigurations = (
				ED81E3751F0E48BB00367641 /* Debug */,
				ED81E3761F0E48BB00367641 /* Release */,
			);
			defaultConfigurationIsVisible = 0;
		};
/* End XCConfigurationList section */
	};
	rootObject = ED81E3581F0E48BB00367641 /* Project object */;
}
